<Solution>
  <Folder Name="/src/">
    <Project Path="src/WellSpent.Api/WellSpent.Api.csproj" />
    <Project Path="src/WellSpent.Application/WellSpent.Application.csproj" />
    <Project Path="src/WellSpent.Domain/WellSpent.Domain.csproj" />
    <Project Path="src/WellSpent.Infrastructure/WellSpent.Infrastructure.csproj" />
    <Project Path="src/WellSpent.Jobs.PlaidSync/WellSpent.Jobs.PlaidSync.csproj" />
    <Project Path="src/WellSpent.Migrator/WellSpent.Migrator.csproj" />
  </Folder>
  <Folder Name="/tests/">
    <Project Path="tests/WellSpent.Api.Tests/WellSpent.Api.Tests.csproj" />
    <Project Path="tests/WellSpent.Application.Tests/WellSpent.Application.Tests.csproj" />
    <Project Path="tests/WellSpent.Infrastructure.Tests/WellSpent.Infrastructure.Tests.csproj" />
  </Folder>
</Solution>
